
Microsoft Visual Studio Solution File, Format Version 12.00
# Visual Studio Version 17
VisualStudioVersion = 17.11.35327.3
MinimumVisualStudioVersion = 10.0.40219.1
Project("{FAE04EC0-301F-11D3-BF4B-00C04F79EFBC}") = "ItechMarineAPI", "ItechMarineAPI\ItechMarineAPI.csproj", "{9AC9D893-C75B-47CB-A50A-6FC6F13C20B8}"
EndProject
Global
	GlobalSection(SolutionConfigurationPlatforms) = preSolution
		Debug|Any CPU = Debug|Any CPU
		Release|Any CPU = Release|Any CPU
	EndGlobalSection
	GlobalSection(ProjectConfigurationPlatforms) = postSolution
		{9AC9D893-C75B-47CB-A50A-6FC6F13C20B8}.Debug|Any CPU.ActiveCfg = Debug|Any CPU
		{9AC9D893-C75B-47CB-A50A-6FC6F13C20B8}.Debug|Any CPU.Build.0 = Debug|Any CPU
		{9AC9D893-C75B-47CB-A50A-6FC6F13C20B8}.Release|Any CPU.ActiveCfg = Release|Any CPU
		{9AC9D893-C75B-47CB-A50A-6FC6F13C20B8}.Release|Any CPU.Build.0 = Release|Any CPU
	EndGlobalSection
	GlobalSection(SolutionProperties) = preSolution
		HideSolutionNode = FALSE
	EndGlobalSection
	GlobalSection(ExtensibilityGlobals) = postSolution
		SolutionGuid = {CAE38CD5-302E-4817-8771-31C4E96AB9F2}
	EndGlobalSection
EndGlobal
